
Microsoft Visual Studio Solution File, Format Version 12.00
# Visual Studio Version 16
VisualStudioVersion = 16.0.29519.181
MinimumVisualStudioVersion = 10.0.40219.1
Project("{FAE04EC0-301F-11D3-BF4B-00C04F79EFBC}") = "TemoGasLtd", "TemoGasLtd.csproj", "{5869443E-AF4E-4427-9F16-FBAEA0E90477}"
EndProject
Global
	GlobalSection(SolutionConfigurationPlatforms) = preSolution
		Debug|Any CPU = Debug|Any CPU
		Release|Any CPU = Release|Any CPU
	EndGlobalSection
	GlobalSection(ProjectConfigurationPlatforms) = postSolution
		{5869443E-AF4E-4427-9F16-FBAEA0E90477}.Debug|Any CPU.ActiveCfg = Debug|Any CPU
		{5869443E-AF4E-4427-9F16-FBAEA0E90477}.Debug|Any CPU.Build.0 = Debug|Any CPU
		{5869443E-AF4E-4427-9F16-FBAEA0E90477}.Release|Any CPU.ActiveCfg = Release|Any CPU
		{5869443E-AF4E-4427-9F16-FBAEA0E90477}.Release|Any CPU.Build.0 = Release|Any CPU
	EndGlobalSection
	GlobalSection(SolutionProperties) = preSolution
		HideSolutionNode = FALSE
	EndGlobalSection
	GlobalSection(ExtensibilityGlobals) = postSolution
		SolutionGuid = {4B2B589E-0CFA-407F-A07C-B55894F942C4}
	EndGlobalSection
EndGlobal
